
Microsoft Visual Studio Solution File, Format Version 12.00
# Visual Studio Version 17
VisualStudioVersion = 17.0.32014.148
MinimumVisualStudioVersion = 10.0.40219.1
Project("{9A19103F-16F7-4668-BE54-9A1E7A4F7556}") = "GibsLifesMicroWebApi", "Universal.Api\GibsLifesMicroWebApi.csproj", "{D8041E2D-A2B8-4451-9E1A-810A36620DA6}"
EndProject
Global
	GlobalSection(SolutionConfigurationPlatforms) = preSolution
		Debug|Any CPU = Debug|Any CPU
		Release|Any CPU = Release|Any CPU
	EndGlobalSection
	GlobalSection(ProjectConfigurationPlatforms) = postSolution
		{D8041E2D-A2B8-4451-9E1A-810A36620DA6}.Debug|Any CPU.ActiveCfg = Debug|Any CPU
		{D8041E2D-A2B8-4451-9E1A-810A36620DA6}.Debug|Any CPU.Build.0 = Debug|Any CPU
		{D8041E2D-A2B8-4451-9E1A-810A36620DA6}.Release|Any CPU.ActiveCfg = Release|Any CPU
		{D8041E2D-A2B8-4451-9E1A-810A36620DA6}.Release|Any CPU.Build.0 = Release|Any CPU
	EndGlobalSection
	GlobalSection(SolutionProperties) = preSolution
		HideSolutionNode = FALSE
	EndGlobalSection
	GlobalSection(ExtensibilityGlobals) = postSolution
		SolutionGuid = {826C4DF9-F56A-4273-A183-49C0B31A009A}
	EndGlobalSection
EndGlobal
